// !$*UTF8*$!
{
	archiveVersion = 1;
	classes = {
	};
	objectVersion = 50;
	objects = {

/* Begin PBXBuildFile section */
		A0588C8025EC120B00A24490 /* AppDelegate.swift in Sources */ = {isa = PBXBuildFile; fileRef = A0588C7F25EC120B00A24490 /* AppDelegate.swift */; };
		A0588C8425EC120B00A24490 /* ViewController.swift in Sources */ = {isa = PBXBuildFile; fileRef = A0588C8325EC120B00A24490 /* ViewController.swift */; };
		A0588C8925EC120C00A24490 /* Assets.xcassets in Resources */ = {isa = PBXBuildFile; fileRef = A0588C8825EC120C00A24490 /* Assets.xcassets */; };
		A0588C8C25EC120C00A24490 /* LaunchScreen.storyboard in Resources */ = {isa = PBXBuildFile; fileRef = A0588C8A25EC120C00A24490 /* LaunchScreen.storyboard */; };
		A0588C9725EC184700A24490 /* SceneDelegate.swift in Sources */ = {isa = PBXBuildFile; fileRef = A0588C9625EC184700A24490 /* SceneDelegate.swift */; };
		A0AC7AA025EEDE5C00305DA9 /* RestClient.swift in Sources */ = {isa = PBXBuildFile; fileRef = A0AC7A9F25EEDE5C00305DA9 /* RestClient.swift */; };
		A0AC7AA325EEE0DC00305DA9 /* PodService.swift in Sources */ = {isa = PBXBuildFile; fileRef = A0AC7AA225EEE0DC00305DA9 /* PodService.swift */; };
		A0AC7AA625EF02AE00305DA9 /* WhaleCollectionViewCell.swift in Sources */ = {isa = PBXBuildFile; fileRef = A0AC7AA525EF02AE00305DA9 /* WhaleCollectionViewCell.swift */; };
		A0AC7AA925EF02D100305DA9 /* WhaleView.swift in Sources */ = {isa = PBXBuildFile; fileRef = A0AC7AA825EF02D100305DA9 /* WhaleView.swift */; };
		A0AC7AAC25EF06A800305DA9 /* CardView.swift in Sources */ = {isa = PBXBuildFile; fileRef = A0AC7AAB25EF06A800305DA9 /* CardView.swift */; };
/* End PBXBuildFile section */

/* Begin PBXFileReference section */
		A0588C7C25EC120B00A24490 /* FiveSixTwoUIKit.app */ = {isa = PBXFileReference; explicitFileType = wrapper.application; includeInIndex = 0; path = FiveSixTwoUIKit.app; sourceTree = BUILT_PRODUCTS_DIR; };
		A0588C7F25EC120B00A24490 /* AppDelegate.swift */ = {isa = PBXFileReference; lastKnownFileType = sourcecode.swift; path = AppDelegate.swift; sourceTree = "<group>"; };
		A0588C8325EC120B00A24490 /* ViewController.swift */ = {isa = PBXFileReference; lastKnownFileType = sourcecode.swift; path = ViewController.swift; sourceTree = "<group>"; };
		A0588C8825EC120C00A24490 /* Assets.xcassets */ = {isa = PBXFileReference; lastKnownFileType = folder.assetcatalog; path = Assets.xcassets; sourceTree = "<group>"; };
		A0588C8B25EC120C00A24490 /* Base */ = {isa = PBXFileReference; lastKnownFileType = file.storyboard; name = Base; path = Base.lproj/LaunchScreen.storyboard; sourceTree = "<group>"; };
		A0588C8D25EC120C00A24490 /* Info.plist */ = {isa = PBXFileReference; lastKnownFileType = text.plist.xml; path = Info.plist; sourceTree = "<group>"; };
		A0588C9625EC184700A24490 /* SceneDelegate.swift */ = {isa = PBXFileReference; fileEncoding = 4; lastKnownFileType = sourcecode.swift; path = SceneDelegate.swift; sourceTree = "<group>"; };
		A0AC7A9F25EEDE5C00305DA9 /* RestClient.swift */ = {isa = PBXFileReference; lastKnownFileType = sourcecode.swift; path = RestClient.swift; sourceTree = "<group>"; };
		A0AC7AA225EEE0DC00305DA9 /* PodService.swift */ = {isa = PBXFileReference; lastKnownFileType = sourcecode.swift; path = PodService.swift; sourceTree = "<group>"; };
		A0AC7AA525EF02AE00305DA9 /* WhaleCollectionViewCell.swift */ = {isa = PBXFileReference; lastKnownFileType = sourcecode.swift; path = WhaleCollectionViewCell.swift; sourceTree = "<group>"; };
		A0AC7AA825EF02D100305DA9 /* WhaleView.swift */ = {isa = PBXFileReference; lastKnownFileType = sourcecode.swift; path = WhaleView.swift; sourceTree = "<group>"; };
		A0AC7AAB25EF06A800305DA9 /* CardView.swift */ = {isa = PBXFileReference; lastKnownFileType = sourcecode.swift; path = CardView.swift; sourceTree = "<group>"; };
/* End PBXFileReference section */

/* Begin PBXFrameworksBuildPhase section */
		A0588C7925EC120B00A24490 /* Frameworks */ = {
			isa = PBXFrameworksBuildPhase;
			buildActionMask = 2147483647;
			files = (
			);
			runOnlyForDeploymentPostprocessing = 0;
		};
/* End PBXFrameworksBuildPhase section */

/* Begin PBXGroup section */
		A0588C7325EC120B00A24490 = {
			isa = PBXGroup;
			children = (
				A0588C7E25EC120B00A24490 /* FiveSixTwoUIKit */,
				A0588C7D25EC120B00A24490 /* Products */,
			);
			sourceTree = "<group>";
		};
		A0588C7D25EC120B00A24490 /* Products */ = {
			isa = PBXGroup;
			children = (
				A0588C7C25EC120B00A24490 /* FiveSixTwoUIKit.app */,
			);
			name = Products;
			sourceTree = "<group>";
		};
		A0588C7E25EC120B00A24490 /* FiveSixTwoUIKit */ = {
			isa = PBXGroup;
			children = (
				A0588C7F25EC120B00A24490 /* AppDelegate.swift */,
				A0588C9625EC184700A24490 /* SceneDelegate.swift */,
				A0588C8325EC120B00A24490 /* ViewController.swift */,
				A0588C8825EC120C00A24490 /* Assets.xcassets */,
				A0588C8A25EC120C00A24490 /* LaunchScreen.storyboard */,
				A0588C8D25EC120C00A24490 /* Info.plist */,
				A0AC7A9F25EEDE5C00305DA9 /* RestClient.swift */,
				A0AC7AA225EEE0DC00305DA9 /* PodService.swift */,
				A0AC7AA525EF02AE00305DA9 /* WhaleCollectionViewCell.swift */,
				A0AC7AA825EF02D100305DA9 /* WhaleView.swift */,
				A0AC7AAB25EF06A800305DA9 /* CardView.swift */,
			);
			path = FiveSixTwoUIKit;
			sourceTree = "<group>";
		};
/* End PBXGroup section */

/* Begin PBXNativeTarget section */
		A0588C7B25EC120B00A24490 /* FiveSixTwoUIKit */ = {
			isa = PBXNativeTarget;
			buildConfigurationList = A0588C9025EC120C00A24490 /* Build configuration list for PBXNativeTarget "FiveSixTwoUIKit" */;
			buildPhases = (
				A0588C7825EC120B00A24490 /* Sources */,
				A0588C7925EC120B00A24490 /* Frameworks */,
				A0588C7A25EC120B00A24490 /* Resources */,
			);
			buildRules = (
			);
			dependencies = (
			);
			name = FiveSixTwoUIKit;
			productName = FiveSixTwoUIKit;
			productReference = A0588C7C25EC120B00A24490 /* FiveSixTwoUIKit.app */;
			productType = "com.apple.product-type.application";
		};
/* End PBXNativeTarget section */

/* Begin PBXProject section */
		A0588C7425EC120B00A24490 /* Project object */ = {
			isa = PBXProject;
			attributes = {
				LastSwiftUpdateCheck = 1230;
				LastUpgradeCheck = 1230;
				TargetAttributes = {
					A0588C7B25EC120B00A24490 = {
						CreatedOnToolsVersion = 12.3;
					};
				};
			};
			buildConfigurationList = A0588C7725EC120B00A24490 /* Build configuration list for PBXProject "FiveSixTwoUIKit" */;
			compatibilityVersion = "Xcode 9.3";
			developmentRegion = en;
			hasScannedForEncodings = 0;
			knownRegions = (
				en,
				Base,
			);
			mainGroup = A0588C7325EC120B00A24490;
			productRefGroup = A0588C7D25EC120B00A24490 /* Products */;
			projectDirPath = "";
			projectRoot = "";
			targets = (
				A0588C7B25EC120B00A24490 /* FiveSixTwoUIKit */,
			);
		};
/* End PBXProject section */

/* Begin PBXResourcesBuildPhase section */
		A0588C7A25EC120B00A24490 /* Resources */ = {
			isa = PBXResourcesBuildPhase;
			buildActionMask = 2147483647;
			files = (
				A0588C8C25EC120C00A24490 /* LaunchScreen.storyboard in Resources */,
				A0588C8925EC120C00A24490 /* Assets.xcassets in Resources */,
			);
			runOnlyForDeploymentPostprocessing = 0;
		};
/* End PBXResourcesBuildPhase section */

/* Begin PBXSourcesBuildPhase section */
		A0588C7825EC120B00A24490 /* Sources */ = {
			isa = PBXSourcesBuildPhase;
			buildActionMask = 2147483647;
			files = (
				A0AC7AA025EEDE5C00305DA9 /* RestClient.swift in Sources */,
				A0AC7AA325EEE0DC00305DA9 /* PodService.swift in Sources */,
				A0588C8425EC120B00A24490 /* ViewController.swift in Sources */,
				A0588C8025EC120B00A24490 /* AppDelegate.swift in Sources */,
				A0AC7AA625EF02AE00305DA9 /* WhaleCollectionViewCell.swift in Sources */,
				A0AC7AA925EF02D100305DA9 /* WhaleView.swift in Sources */,
				A0AC7AAC25EF06A800305DA9 /* CardView.swift in Sources */,
				A0588C9725EC184700A24490 /* SceneDelegate.swift in Sources */,
			);
			runOnlyForDeploymentPostprocessing = 0;
		};
/* End PBXSourcesBuildPhase section */

/* Begin PBXVariantGroup section */
		A0588C8A25EC120C00A24490 /* LaunchScreen.storyboard */ = {
			isa = PBXVariantGroup;
			children = (
				A0588C8B25EC120C00A24490 /* Base */,
			);
			name = LaunchScreen.storyboard;
			sourceTree = "<group>";
		};
/* End PBXVariantGroup section */

/* Begin XCBuildConfiguration section */
		A0588C8E25EC120C00A24490 /* Debug */ = {
			isa = XCBuildConfiguration;
			buildSettings = {
				ALWAYS_SEARCH_USER_PATHS = NO;
				CLANG_ANALYZER_NONNULL = YES;
				CLANG_ANALYZER_NUMBER_OBJECT_CONVERSION = YES_AGGRESSIVE;
				CLANG_CXX_LANGUAGE_STANDARD = "gnu++14";
				CLANG_CXX_LIBRARY = "libc++";
				CLANG_ENABLE_MODULES = YES;
				CLANG_ENABLE_OBJC_ARC = YES;
				CLANG_ENABLE_OBJC_WEAK = YES;
				CLANG_WARN_BLOCK_CAPTURE_AUTORELEASING = YES;
				CLANG_WARN_BOOL_CONVERSION = YES;
				CLANG_WARN_COMMA = YES;
				CLANG_WARN_CONSTANT_CONVERSION = YES;
				CLANG_WARN_DEPRECATED_OBJC_IMPLEMENTATIONS = YES;
				CLANG_WARN_DIRECT_OBJC_ISA_USAGE = YES_ERROR;
				CLANG_WARN_DOCUMENTATION_COMMENTS = YES;
				CLANG_WARN_EMPTY_BODY = YES;
				CLANG_WARN_ENUM_CONVERSION = YES;
				CLANG_WARN_INFINITE_RECURSION = YES;
				CLANG_WARN_INT_CONVERSION = YES;
				CLANG_WARN_NON_LITERAL_NULL_CONVERSION = YES;
				CLANG_WARN_OBJC_IMPLICIT_RETAIN_SELF = YES;
				CLANG_WARN_OBJC_LITERAL_CONVERSION = YES;
				CLANG_WARN_OBJC_ROOT_CLASS = YES_ERROR;
				CLANG_WARN_QUOTED_INCLUDE_IN_FRAMEWORK_HEADER = YES;
				CLANG_WARN_RANGE_LOOP_ANALYSIS = YES;
				CLANG_WARN_STRICT_PROTOTYPES = YES;
				CLANG_WARN_SUSPICIOUS_MOVE = YES;
				CLANG_WARN_UNGUARDED_AVAILABILITY = YES_AGGRESSIVE;
				CLANG_WARN_UNREACHABLE_CODE = YES;
				CLANG_WARN__DUPLICATE_METHOD_MATCH = YES;
				COPY_PHASE_STRIP = NO;
				DEBUG_INFORMATION_FORMAT = dwarf;
				ENABLE_STRICT_OBJC_MSGSEND = YES;
				ENABLE_TESTABILITY = YES;
				GCC_C_LANGUAGE_STANDARD = gnu11;
				GCC_DYNAMIC_NO_PIC = NO;
				GCC_NO_COMMON_BLOCKS = YES;
				GCC_OPTIMIZATION_LEVEL = 0;
				GCC_PREPROCESSOR_DEFINITIONS = (
					"DEBUG=1",
					"$(inherited)",
				);
				GCC_WARN_64_TO_32_BIT_CONVERSION = YES;
				GCC_WARN_ABOUT_RETURN_TYPE = YES_ERROR;
				GCC_WARN_UNDECLARED_SELECTOR = YES;
				GCC_WARN_UNINITIALIZED_AUTOS = YES_AGGRESSIVE;
				GCC_WARN_UNUSED_FUNCTION = YES;
				GCC_WARN_UNUSED_VARIABLE = YES;
				IPHONEOS_DEPLOYMENT_TARGET = 14.3;
				MTL_ENABLE_DEBUG_INFO = INCLUDE_SOURCE;
				MTL_FAST_MATH = YES;
				ONLY_ACTIVE_ARCH = YES;
				SDKROOT = iphoneos;
				SWIFT_ACTIVE_COMPILATION_CONDITIONS = DEBUG;
				SWIFT_OPTIMIZATION_LEVEL = "-Onone";
			};
			name = Debug;
		};
		A0588C8F25EC120C00A24490 /* Release */ = {
			isa = XCBuildConfiguration;
			buildSettings = {
				ALWAYS_SEARCH_USER_PATHS = NO;
				CLANG_ANALYZER_NONNULL = YES;
				CLANG_ANALYZER_NUMBER_OBJECT_CONVERSION = YES_AGGRESSIVE;
				CLANG_CXX_LANGUAGE_STANDARD = "gnu++14";
				CLANG_CXX_LIBRARY = "libc++";
				CLANG_ENABLE_MODULES = YES;
				CLANG_ENABLE_OBJC_ARC = YES;
				CLANG_ENABLE_OBJC_WEAK = YES;
				CLANG_WARN_BLOCK_CAPTURE_AUTORELEASING = YES;
				CLANG_WARN_BOOL_CONVERSION = YES;
				CLANG_WARN_COMMA = YES;
				CLANG_WARN_CONSTANT_CONVERSION = YES;
				CLANG_WARN_DEPRECATED_OBJC_IMPLEMENTATIONS = YES;
				CLANG_WARN_DIRECT_OBJC_ISA_USAGE = YES_ERROR;
				CLANG_WARN_DOCUMENTATION_COMMENTS = YES;
				CLANG_WARN_EMPTY_BODY = YES;
				CLANG_WARN_ENUM_CONVERSION = YES;
				CLANG_WARN_INFINITE_RECURSION = YES;
				CLANG_WARN_INT_CONVERSION = YES;
				CLANG_WARN_NON_LITERAL_NULL_CONVERSION = YES;
				CLANG_WARN_OBJC_IMPLICIT_RETAIN_SELF = YES;
				CLANG_WARN_OBJC_LITERAL_CONVERSION = YES;
				CLANG_WARN_OBJC_ROOT_CLASS = YES_ERROR;
				CLANG_WARN_QUOTED_INCLUDE_IN_FRAMEWORK_HEADER = YES;
				CLANG_WARN_RANGE_LOOP_ANALYSIS = YES;
				CLANG_WARN_STRICT_PROTOTYPES = YES;
				CLANG_WARN_SUSPICIOUS_MOVE = YES;
				CLANG_WARN_UNGUARDED_AVAILABILITY = YES_AGGRESSIVE;
				CLANG_WARN_UNREACHABLE_CODE = YES;
				CLANG_WARN__DUPLICATE_METHOD_MATCH = YES;
				COPY_PHASE_STRIP = NO;
				DEBUG_INFORMATION_FORMAT = "dwarf-with-dsym";
				ENABLE_NS_ASSERTIONS = NO;
				ENABLE_STRICT_OBJC_MSGSEND = YES;
				GCC_C_LANGUAGE_STANDARD = gnu11;
				GCC_NO_COMMON_BLOCKS = YES;
				GCC_WARN_64_TO_32_BIT_CONVERSION = YES;
				GCC_WARN_ABOUT_RETURN_TYPE = YES_ERROR;
				GCC_WARN_UNDECLARED_SELECTOR = YES;
				GCC_WARN_UNINITIALIZED_AUTOS = YES_AGGRESSIVE;
				GCC_WARN_UNUSED_FUNCTION = YES;
				GCC_WARN_UNUSED_VARIABLE = YES;
				IPHONEOS_DEPLOYMENT_TARGET = 14.3;
				MTL_ENABLE_DEBUG_INFO = NO;
				MTL_FAST_MATH = YES;
				SDKROOT = iphoneos;
				SWIFT_COMPILATION_MODE = wholemodule;
				SWIFT_OPTIMIZATION_LEVEL = "-O";
				VALIDATE_PRODUCT = YES;
			};
			name = Release;
		};
		A0588C9125EC120C00A24490 /* Debug */ = {
			isa = XCBuildConfiguration;
			buildSettings = {
				ASSETCATALOG_COMPILER_APPICON_NAME = AppIcon;
				ASSETCATALOG_COMPILER_GLOBAL_ACCENT_COLOR_NAME = AccentColor;
				CODE_SIGN_STYLE = Automatic;
				DEVELOPMENT_TEAM = 4DW5T5FPEZ;
				INFOPLIST_FILE = FiveSixTwoUIKit/Info.plist;
				LD_RUNPATH_SEARCH_PATHS = (
					"$(inherited)",
					"@executable_path/Frameworks",
				);
				PRODUCT_BUNDLE_IDENTIFIER = com.Raghav.FiveSixTwoUIKit;
				PRODUCT_NAME = "$(TARGET_NAME)";
				SWIFT_VERSION = 5.0;
				TARGETED_DEVICE_FAMILY = "1,2";
			};
			name = Debug;
		};
		A0588C9225EC120C00A24490 /* Release */ = {
			isa = XCBuildConfiguration;
			buildSettings = {
				ASSETCATALOG_COMPILER_APPICON_NAME = AppIcon;
				ASSETCATALOG_COMPILER_GLOBAL_ACCENT_COLOR_NAME = AccentColor;
				CODE_SIGN_STYLE = Automatic;
				DEVELOPMENT_TEAM = 4DW5T5FPEZ;
				INFOPLIST_FILE = FiveSixTwoUIKit/Info.plist;
				LD_RUNPATH_SEARCH_PATHS = (
					"$(inherited)",
					"@executable_path/Frameworks",
				);
				PRODUCT_BUNDLE_IDENTIFIER = com.Raghav.FiveSixTwoUIKit;
				PRODUCT_NAME = "$(TARGET_NAME)";
				SWIFT_VERSION = 5.0;
				TARGETED_DEVICE_FAMILY = "1,2";
			};
			name = Release;
		};
/* End XCBuildConfiguration section */

/* Begin XCConfigurationList section */
		A0588C7725EC120B00A24490 /* Build configuration list for PBXProject "FiveSixTwoUIKit" */ = {
			isa = XCConfigurationList;
			buildConfigurations = (
				A0588C8E25EC120C00A24490 /* Debug */,
				A0588C8F25EC120C00A24490 /* Release */,
			);
			defaultConfigurationIsVisible = 0;
			defaultConfigurationName = Release;
		};
		A0588C9025EC120C00A24490 /* Build configuration list for PBXNativeTarget "FiveSixTwoUIKit" */ = {
			isa = XCConfigurationList;
			buildConfigurations = (
				A0588C9125EC120C00A24490 /* Debug */,
				A0588C9225EC120C00A24490 /* Release */,
			);
			defaultConfigurationIsVisible = 0;
			defaultConfigurationName = Release;
		};
/* End XCConfigurationList section */
	};
	rootObject = A0588C7425EC120B00A24490 /* Project object */;
}
